{
  "nodes": {
    "nixpkgs": {
      "locked": {
        "lastModified": 1677080879,
        "narHash": "sha256-0SjW4/d3Rkw6C7hHZ5lxT4r6Pw9vzQb6Il6zYWwe2Bo=",
        "owner": "NixOS",
        "repo": "nixpkgs",
        "rev": "f5dad40450d272a1ea2413f4a67ac08760649e89",
        "type": "github"
      },
      "original": {
        "id": "nixpkgs",
        "type": "indirect"
      }
    },
    "nixpkgs_2": {
      "locked": {
        "lastModified": 1677080879,
        "narHash": "sha256-0SjW4/d3Rkw6C7hHZ5lxT4r6Pw9vzQb6Il6zYWwe2Bo=",
        "owner": "NixOS",
        "repo": "nixpkgs",
        "rev": "f5dad40450d272a1ea2413f4a67ac08760649e89",
        "type": "github"
      },
      "original": {
        "id": "nixpkgs",
        "type": "indirect"
      }
    },
    "nvim-vimrc-code": {
      "inputs": {
        "nixpkgs": "nixpkgs_2"
      },
      "locked": {
        "lastModified": 1677205258,
        "narHash": "sha256-KEa2llMdCcyKGUNELx6WQn+1W4e2Ec/n2xFtlkZj448=",
        "owner": "argent0",
        "repo": "flake-nvim-vimrc-code",
        "rev": "472c903d7acf1807fb75a92af227164581420c1f",
        "type": "github"
      },
      "original": {
        "owner": "argent0",
        "repo": "flake-nvim-vimrc-code",
        "type": "github"
      }
    },
    "root": {
      "inputs": {
        "nixpkgs": "nixpkgs",
        "nvim-vimrc-code": "nvim-vimrc-code"
      }
    }
  },
  "root": "root",
  "version": 7
}
